
Microsoft Visual Studio Solution File, Format Version 12.00
# Visual Studio 2012
VisualStudioVersion = 12.0.30723.0
MinimumVisualStudioVersion = 10.0.40219.1
Project("{FAE04EC0-301F-11D3-BF4B-00C04F79EFBC}") = "ServiceStack.Text", "ServiceStack.Text\ServiceStack.Text.csproj", "{579B3FDB-CDAD-44E1-8417-885C38E49A0E}"
EndProject
Project("{FAE04EC0-301F-11D3-BF4B-00C04F79EFBC}") = "ServiceStack.Text.XamarinIOS-Classic", "ServiceStack.Text.XamarinIOS-Classic\ServiceStack.Text.XamarinIOS-Classic.csproj", "{6844251A-BAFA-4E0E-B888-D689AED33A95}"
EndProject
Project("{FAE04EC0-301F-11D3-BF4B-00C04F79EFBC}") = "ServiceStack.Text.XamarinIOS", "ServiceStack.Text.XamarinIOS\ServiceStack.Text.XamarinIOS.csproj", "{4F3A9E10-861A-434A-B32C-62780B0AD096}"
EndProject
Project("{FAE04EC0-301F-11D3-BF4B-00C04F79EFBC}") = "ServiceStack.Text.XamarinAndroid", "ServiceStack.Text.XamarinAndroid\ServiceStack.Text.XamarinAndroid.csproj", "{23BC1119-47AE-4F92-A035-236F7CE3F3A2}"
EndProject
Global
	GlobalSection(SolutionConfigurationPlatforms) = preSolution
		Debug|Any CPU = Debug|Any CPU
		MonoTouch|Any CPU = MonoTouch|Any CPU
		Release|Any CPU = Release|Any CPU
	EndGlobalSection
	GlobalSection(ProjectConfigurationPlatforms) = postSolution
		{23BC1119-47AE-4F92-A035-236F7CE3F3A2}.Debug|Any CPU.ActiveCfg = Debug|Any CPU
		{23BC1119-47AE-4F92-A035-236F7CE3F3A2}.Debug|Any CPU.Build.0 = Debug|Any CPU
		{23BC1119-47AE-4F92-A035-236F7CE3F3A2}.MonoTouch|Any CPU.ActiveCfg = Release|Any CPU
		{23BC1119-47AE-4F92-A035-236F7CE3F3A2}.MonoTouch|Any CPU.Build.0 = Release|Any CPU
		{23BC1119-47AE-4F92-A035-236F7CE3F3A2}.Release|Any CPU.ActiveCfg = Release|Any CPU
		{23BC1119-47AE-4F92-A035-236F7CE3F3A2}.Release|Any CPU.Build.0 = Release|Any CPU
		{4F3A9E10-861A-434A-B32C-62780B0AD096}.Debug|Any CPU.ActiveCfg = Debug|Any CPU
		{4F3A9E10-861A-434A-B32C-62780B0AD096}.Debug|Any CPU.Build.0 = Debug|Any CPU
		{4F3A9E10-861A-434A-B32C-62780B0AD096}.MonoTouch|Any CPU.ActiveCfg = Release|Any CPU
		{4F3A9E10-861A-434A-B32C-62780B0AD096}.MonoTouch|Any CPU.Build.0 = Release|Any CPU
		{4F3A9E10-861A-434A-B32C-62780B0AD096}.Release|Any CPU.ActiveCfg = Release|Any CPU
		{4F3A9E10-861A-434A-B32C-62780B0AD096}.Release|Any CPU.Build.0 = Release|Any CPU
		{579B3FDB-CDAD-44E1-8417-885C38E49A0E}.Debug|Any CPU.ActiveCfg = Debug|Any CPU
		{579B3FDB-CDAD-44E1-8417-885C38E49A0E}.Debug|Any CPU.Build.0 = Debug|Any CPU
		{579B3FDB-CDAD-44E1-8417-885C38E49A0E}.MonoTouch|Any CPU.ActiveCfg = MonoTouch|Any CPU
		{579B3FDB-CDAD-44E1-8417-885C38E49A0E}.MonoTouch|Any CPU.Build.0 = MonoTouch|Any CPU
		{579B3FDB-CDAD-44E1-8417-885C38E49A0E}.Release|Any CPU.ActiveCfg = Release|Any CPU
		{579B3FDB-CDAD-44E1-8417-885C38E49A0E}.Release|Any CPU.Build.0 = Release|Any CPU
		{6844251A-BAFA-4E0E-B888-D689AED33A95}.Debug|Any CPU.ActiveCfg = Debug|Any CPU
		{6844251A-BAFA-4E0E-B888-D689AED33A95}.Debug|Any CPU.Build.0 = Debug|Any CPU
		{6844251A-BAFA-4E0E-B888-D689AED33A95}.MonoTouch|Any CPU.ActiveCfg = Release|Any CPU
		{6844251A-BAFA-4E0E-B888-D689AED33A95}.MonoTouch|Any CPU.Build.0 = Release|Any CPU
		{6844251A-BAFA-4E0E-B888-D689AED33A95}.Release|Any CPU.ActiveCfg = Release|Any CPU
		{6844251A-BAFA-4E0E-B888-D689AED33A95}.Release|Any CPU.Build.0 = Release|Any CPU
	EndGlobalSection
	GlobalSection(MonoDevelopProperties) = preSolution
		StartupItem = ServiceStack.Text\ServiceStack.Text.csproj
	EndGlobalSection
	GlobalSection(SolutionProperties) = preSolution
		HideSolutionNode = FALSE
	EndGlobalSection
EndGlobal
